github.com/disic/frago v1.3.3 h1:LK1kj3qlIpSWFd+PW6BHlwJIHSb030wWxOr08HxdxKw=
github.com/disic/frago v1.3.3/go.mod h1:P+FGLyK+Tit1HIeu1aDFxIwQCCrYTJflqCX0Xue/jXM=
github.com/disic/frago v1.3.4 h1:gocBUt7ASeRCKo1qH9hxLIKrSzH/E56LOzgDkfiyVYg=
github.com/disic/frago v1.3.4/go.mod h1:P+FGLyK+Tit1HIeu1aDFxIwQCCrYTJflqCX0Xue/jXM=
